{
  "version": 4,
  "terraform_version": "0.13.5",
  "serial": 26,
  "lineage": "21f5eed5-ba31-6cf2-8d9a-23a3f712c859",
  "outputs": {},
  "resources": [
    {
      "mode": "data",
      "type": "archive_file",
      "name": "welcome",
      "provider": "provider[\"registry.terraform.io/hashicorp/archive\"]",
      "instances": [
        {
          "schema_version": 0,
          "attributes": {
            "excludes": null,
            "id": "185a8c9dc45f5273c3712df38cd4a7581da05744",
            "output_base64sha256": "mYEc+knIUe1QCdDPTLO67PprbLtMX2zMyFp5rEQXIjY=",
            "output_md5": "9e84bf69b74bf1d872c0221b57a01a39",
            "output_path": "local.lambda_zip_location",
            "output_sha": "185a8c9dc45f5273c3712df38cd4a7581da05744",
            "output_size": 200,
            "source": [],
            "source_content": null,
            "source_content_filename": null,
            "source_dir": null,
            "source_file": "welcome.py",
            "type": "zip"
          }
        }
      ]
    },
    {
      "mode": "managed",
      "type": "aws_iam_role",
      "name": "lambda_role_tf",
      "provider": "provider[\"registry.terraform.io/hashicorp/aws\"]",
      "instances": [
        {
          "schema_version": 0,
          "attributes": {
            "arn": "arn:aws:iam::265650111895:role/lambda_iam_role_tf",
            "assume_role_policy": "{\"Version\":\"2012-10-17\",\"Statement\":[{\"Sid\":\"\",\"Effect\":\"Allow\",\"Principal\":{\"Service\":\"lambda.amazonaws.com\"},\"Action\":\"sts:AssumeRole\"}]}",
            "create_date": "2020-11-09T04:56:51Z",
            "description": "",
            "force_detach_policies": false,
            "id": "lambda_iam_role_tf",
            "max_session_duration": 3600,
            "name": "lambda_iam_role_tf",
            "name_prefix": null,
            "path": "/",
            "permissions_boundary": null,
            "tags": {},
            "unique_id": "AROAT3WP3AWL7CMRHUS6K"
          },
          "private": "bnVsbA=="
        }
      ]
    }
  ]
}
